
Microsoft Visual Studio Solution File, Format Version 12.00
# Visual Studio Version 17
VisualStudioVersion = 17.5.33424.131
MinimumVisualStudioVersion = 10.0.40219.1
Project("{2150E333-8FDC-42A3-9474-1A3956D46DE8}") = "Code", "Code", "{4223093E-4D28-4FB5-B08A-1A5FCE346A50}"
EndProject
Project("{2150E333-8FDC-42A3-9474-1A3956D46DE8}") = "Backend", "Backend", "{5823AEE7-0DF8-4517-AFE4-9C3A92E3DC9F}"
EndProject
Project("{2150E333-8FDC-42A3-9474-1A3956D46DE8}") = "MigratorDB", "MigratorDB", "{0EF62AC1-D614-4273-9693-7BF8C541D17F}"
EndProject
Project("{2150E333-8FDC-42A3-9474-1A3956D46DE8}") = "Application", "Application", "{123D4510-432B-4F22-B455-9A1CCDC22013}"
EndProject
Project("{2150E333-8FDC-42A3-9474-1A3956D46DE8}") = "Core", "Core", "{A6C9341B-47A5-4397-9DC4-AA1396853A9D}"
EndProject
Project("{2150E333-8FDC-42A3-9474-1A3956D46DE8}") = "Infrastructure", "Infrastructure", "{E5A52F39-44AC-4F2F-9B46-427A4289F86E}"
EndProject
Project("{2150E333-8FDC-42A3-9474-1A3956D46DE8}") = "WebAPI", "WebAPI", "{D69289E5-C251-490F-A361-8A5B2B1C1B87}"
EndProject
Project("{2150E333-8FDC-42A3-9474-1A3956D46DE8}") = "Tests", "Tests", "{A571E8B2-837A-45E5-8C0D-0D36E7FA88A6}"
EndProject
Project("{9A19103F-16F7-4668-BE54-9A1E7A4F7556}") = "CA.Core", "Code\Backend\CA.Domain\CA.Core.csproj", "{2A92BFA8-A4D8-44A8-B9A6-5D563A58D674}"
EndProject
Project("{9A19103F-16F7-4668-BE54-9A1E7A4F7556}") = "CA.Infrastructure", "Code\Backend\CA.Infrastructure\CA.Infrastructure.csproj", "{32A2A037-1494-4CFA-AA55-9E7A3FC54941}"
EndProject
Project("{9A19103F-16F7-4668-BE54-9A1E7A4F7556}") = "CA.API", "Code\Backend\CA.API\CA.API.csproj", "{8F013A4F-415A-400F-998E-F85484032860}"
EndProject
Project("{9A19103F-16F7-4668-BE54-9A1E7A4F7556}") = "CA.MigratorDB", "Code\MigrationDB\CA.MigratorDB.csproj", "{6C374153-94CD-4A77-8E14-0FE2BC61988D}"
EndProject
Project("{9A19103F-16F7-4668-BE54-9A1E7A4F7556}") = "CA.IntegrationTest", "Code\Tests\CA.IntegrationTest\CA.IntegrationTest.csproj", "{0A7302C6-2B34-4405-BA88-00DF864B0C2E}"
EndProject
Project("{9A19103F-16F7-4668-BE54-9A1E7A4F7556}") = "CA.UnitTest", "Code\Tests\CA.UnitTest\CA.UnitTest.csproj", "{B7D815EA-7CEB-4A2D-9C6D-8D786E0DEA03}"
EndProject
Project("{2150E333-8FDC-42A3-9474-1A3956D46DE8}") = "Source", "Source", "{BFDFA2AC-532D-477A-BED2-CACEEB7F48C4}"
EndProject
Global
	GlobalSection(SolutionConfigurationPlatforms) = preSolution
		Debug|Any CPU = Debug|Any CPU
		Release|Any CPU = Release|Any CPU
	EndGlobalSection
	GlobalSection(ProjectConfigurationPlatforms) = postSolution
		{2A92BFA8-A4D8-44A8-B9A6-5D563A58D674}.Debug|Any CPU.ActiveCfg = Debug|Any CPU
		{2A92BFA8-A4D8-44A8-B9A6-5D563A58D674}.Debug|Any CPU.Build.0 = Debug|Any CPU
		{2A92BFA8-A4D8-44A8-B9A6-5D563A58D674}.Release|Any CPU.ActiveCfg = Release|Any CPU
		{2A92BFA8-A4D8-44A8-B9A6-5D563A58D674}.Release|Any CPU.Build.0 = Release|Any CPU
		{32A2A037-1494-4CFA-AA55-9E7A3FC54941}.Debug|Any CPU.ActiveCfg = Debug|Any CPU
		{32A2A037-1494-4CFA-AA55-9E7A3FC54941}.Debug|Any CPU.Build.0 = Debug|Any CPU
		{32A2A037-1494-4CFA-AA55-9E7A3FC54941}.Release|Any CPU.ActiveCfg = Release|Any CPU
		{32A2A037-1494-4CFA-AA55-9E7A3FC54941}.Release|Any CPU.Build.0 = Release|Any CPU
		{8F013A4F-415A-400F-998E-F85484032860}.Debug|Any CPU.ActiveCfg = Debug|Any CPU
		{8F013A4F-415A-400F-998E-F85484032860}.Debug|Any CPU.Build.0 = Debug|Any CPU
		{8F013A4F-415A-400F-998E-F85484032860}.Release|Any CPU.ActiveCfg = Release|Any CPU
		{8F013A4F-415A-400F-998E-F85484032860}.Release|Any CPU.Build.0 = Release|Any CPU
		{6C374153-94CD-4A77-8E14-0FE2BC61988D}.Debug|Any CPU.ActiveCfg = Debug|Any CPU
		{6C374153-94CD-4A77-8E14-0FE2BC61988D}.Debug|Any CPU.Build.0 = Debug|Any CPU
		{6C374153-94CD-4A77-8E14-0FE2BC61988D}.Release|Any CPU.ActiveCfg = Release|Any CPU
		{6C374153-94CD-4A77-8E14-0FE2BC61988D}.Release|Any CPU.Build.0 = Release|Any CPU
		{0A7302C6-2B34-4405-BA88-00DF864B0C2E}.Debug|Any CPU.ActiveCfg = Debug|Any CPU
		{0A7302C6-2B34-4405-BA88-00DF864B0C2E}.Debug|Any CPU.Build.0 = Debug|Any CPU
		{0A7302C6-2B34-4405-BA88-00DF864B0C2E}.Release|Any CPU.ActiveCfg = Release|Any CPU
		{0A7302C6-2B34-4405-BA88-00DF864B0C2E}.Release|Any CPU.Build.0 = Release|Any CPU
		{B7D815EA-7CEB-4A2D-9C6D-8D786E0DEA03}.Debug|Any CPU.ActiveCfg = Debug|Any CPU
		{B7D815EA-7CEB-4A2D-9C6D-8D786E0DEA03}.Debug|Any CPU.Build.0 = Debug|Any CPU
		{B7D815EA-7CEB-4A2D-9C6D-8D786E0DEA03}.Release|Any CPU.ActiveCfg = Release|Any CPU
		{B7D815EA-7CEB-4A2D-9C6D-8D786E0DEA03}.Release|Any CPU.Build.0 = Release|Any CPU
	EndGlobalSection
	GlobalSection(SolutionProperties) = preSolution
		HideSolutionNode = FALSE
	EndGlobalSection
	GlobalSection(NestedProjects) = preSolution
		{4223093E-4D28-4FB5-B08A-1A5FCE346A50} = {BFDFA2AC-532D-477A-BED2-CACEEB7F48C4}
		{5823AEE7-0DF8-4517-AFE4-9C3A92E3DC9F} = {4223093E-4D28-4FB5-B08A-1A5FCE346A50}
		{0EF62AC1-D614-4273-9693-7BF8C541D17F} = {4223093E-4D28-4FB5-B08A-1A5FCE346A50}
		{123D4510-432B-4F22-B455-9A1CCDC22013} = {5823AEE7-0DF8-4517-AFE4-9C3A92E3DC9F}
		{A6C9341B-47A5-4397-9DC4-AA1396853A9D} = {5823AEE7-0DF8-4517-AFE4-9C3A92E3DC9F}
		{E5A52F39-44AC-4F2F-9B46-427A4289F86E} = {5823AEE7-0DF8-4517-AFE4-9C3A92E3DC9F}
		{D69289E5-C251-490F-A361-8A5B2B1C1B87} = {5823AEE7-0DF8-4517-AFE4-9C3A92E3DC9F}
		{A571E8B2-837A-45E5-8C0D-0D36E7FA88A6} = {4223093E-4D28-4FB5-B08A-1A5FCE346A50}
		{2A92BFA8-A4D8-44A8-B9A6-5D563A58D674} = {A6C9341B-47A5-4397-9DC4-AA1396853A9D}
		{32A2A037-1494-4CFA-AA55-9E7A3FC54941} = {E5A52F39-44AC-4F2F-9B46-427A4289F86E}
		{8F013A4F-415A-400F-998E-F85484032860} = {D69289E5-C251-490F-A361-8A5B2B1C1B87}
		{6C374153-94CD-4A77-8E14-0FE2BC61988D} = {0EF62AC1-D614-4273-9693-7BF8C541D17F}
		{0A7302C6-2B34-4405-BA88-00DF864B0C2E} = {A571E8B2-837A-45E5-8C0D-0D36E7FA88A6}
		{B7D815EA-7CEB-4A2D-9C6D-8D786E0DEA03} = {A571E8B2-837A-45E5-8C0D-0D36E7FA88A6}
	EndGlobalSection
	GlobalSection(ExtensibilityGlobals) = postSolution
		SolutionGuid = {5D9D9D78-703C-405D-8A1B-AF6AE37DB7EE}
	EndGlobalSection
EndGlobal
